
Microsoft Visual Studio Solution File, Format Version 12.00
# Visual Studio Version 17
VisualStudioVersion = 17.10.35122.118
MinimumVisualStudioVersion = 10.0.40219.1
Project("{FAE04EC0-301F-11D3-BF4B-00C04F79EFBC}") = "Dal", "Dal\Dal.csproj", "{42CBAD4C-69FC-49E7-92F4-DC4726665404}"
EndProject
Project("{FAE04EC0-301F-11D3-BF4B-00C04F79EFBC}") = "Bll", "Bll\Bll.csproj", "{6CF74332-E952-4437-BBB4-F23AF5E42773}"
EndProject
Project("{FAE04EC0-301F-11D3-BF4B-00C04F79EFBC}") = "Dto", "Dto\Dto.csproj", "{35569171-8CA8-4A5E-92DC-8B4A0CCB1F22}"
EndProject
Project("{FAE04EC0-301F-11D3-BF4B-00C04F79EFBC}") = "WebApi", "WebApi\WebApi.csproj", "{4D7DD8B1-8A96-4BF2-B373-2854C16172DE}"
EndProject
Global
	GlobalSection(SolutionConfigurationPlatforms) = preSolution
		Debug|Any CPU = Debug|Any CPU
		Release|Any CPU = Release|Any CPU
	EndGlobalSection
	GlobalSection(ProjectConfigurationPlatforms) = postSolution
		{42CBAD4C-69FC-49E7-92F4-DC4726665404}.Debug|Any CPU.ActiveCfg = Debug|Any CPU
		{42CBAD4C-69FC-49E7-92F4-DC4726665404}.Debug|Any CPU.Build.0 = Debug|Any CPU
		{42CBAD4C-69FC-49E7-92F4-DC4726665404}.Release|Any CPU.ActiveCfg = Release|Any CPU
		{42CBAD4C-69FC-49E7-92F4-DC4726665404}.Release|Any CPU.Build.0 = Release|Any CPU
		{6CF74332-E952-4437-BBB4-F23AF5E42773}.Debug|Any CPU.ActiveCfg = Debug|Any CPU
		{6CF74332-E952-4437-BBB4-F23AF5E42773}.Debug|Any CPU.Build.0 = Debug|Any CPU
		{6CF74332-E952-4437-BBB4-F23AF5E42773}.Release|Any CPU.ActiveCfg = Release|Any CPU
		{6CF74332-E952-4437-BBB4-F23AF5E42773}.Release|Any CPU.Build.0 = Release|Any CPU
		{35569171-8CA8-4A5E-92DC-8B4A0CCB1F22}.Debug|Any CPU.ActiveCfg = Debug|Any CPU
		{35569171-8CA8-4A5E-92DC-8B4A0CCB1F22}.Debug|Any CPU.Build.0 = Debug|Any CPU
		{35569171-8CA8-4A5E-92DC-8B4A0CCB1F22}.Release|Any CPU.ActiveCfg = Release|Any CPU
		{35569171-8CA8-4A5E-92DC-8B4A0CCB1F22}.Release|Any CPU.Build.0 = Release|Any CPU
		{4D7DD8B1-8A96-4BF2-B373-2854C16172DE}.Debug|Any CPU.ActiveCfg = Debug|Any CPU
		{4D7DD8B1-8A96-4BF2-B373-2854C16172DE}.Debug|Any CPU.Build.0 = Debug|Any CPU
		{4D7DD8B1-8A96-4BF2-B373-2854C16172DE}.Release|Any CPU.ActiveCfg = Release|Any CPU
		{4D7DD8B1-8A96-4BF2-B373-2854C16172DE}.Release|Any CPU.Build.0 = Release|Any CPU
	EndGlobalSection
	GlobalSection(SolutionProperties) = preSolution
		HideSolutionNode = FALSE
	EndGlobalSection
	GlobalSection(ExtensibilityGlobals) = postSolution
		SolutionGuid = {2639C8A7-3BA9-44F2-9BD7-34D9EA78CF80}
	EndGlobalSection
EndGlobal
